
Microsoft Visual Studio Solution File, Format Version 12.00
# Visual Studio 15
VisualStudioVersion = 15.0.28307.421
MinimumVisualStudioVersion = 10.0.40219.1
Project("{FAE04EC0-301F-11D3-BF4B-00C04F79EFBC}") = "ProjectCars", "ProjectCars\ProjectCars.csproj", "{0D291A1B-E7D3-43B7-B8D8-B8EF061AAE3C}"
EndProject
Global
	GlobalSection(SolutionConfigurationPlatforms) = preSolution
		Debug|Any CPU = Debug|Any CPU
		Release|Any CPU = Release|Any CPU
	EndGlobalSection
	GlobalSection(ProjectConfigurationPlatforms) = postSolution
		{0D291A1B-E7D3-43B7-B8D8-B8EF061AAE3C}.Debug|Any CPU.ActiveCfg = Debug|Any CPU
		{0D291A1B-E7D3-43B7-B8D8-B8EF061AAE3C}.Debug|Any CPU.Build.0 = Debug|Any CPU
		{0D291A1B-E7D3-43B7-B8D8-B8EF061AAE3C}.Release|Any CPU.ActiveCfg = Release|Any CPU
		{0D291A1B-E7D3-43B7-B8D8-B8EF061AAE3C}.Release|Any CPU.Build.0 = Release|Any CPU
	EndGlobalSection
	GlobalSection(SolutionProperties) = preSolution
		HideSolutionNode = FALSE
	EndGlobalSection
	GlobalSection(ExtensibilityGlobals) = postSolution
		SolutionGuid = {D8106E6B-0AB6-421B-B491-92E4F4E2745C}
	EndGlobalSection
EndGlobal
